
Microsoft Visual Studio Solution File, Format Version 12.00
# Visual Studio Version 17
VisualStudioVersion = 17.5.002.0
MinimumVisualStudioVersion = 10.0.40219.1
Project("{9A19103F-16F7-4668-BE54-9A1E7A4F7556}") = "Robin-zone", "Robin-zone.csproj", "{A3DF949B-C75C-4F8F-8D78-05F2AE574FE7}"
EndProject
Project("{2150E333-8FDC-42A3-9474-1A3956D46DE8}") = "past-proctinious", "past-proctinious", "{D7692444-E1AE-4FA0-8513-F5165B9F5AAE}"
EndProject
Project("{9A19103F-16F7-4668-BE54-9A1E7A4F7556}") = "Robin-zone", "past-proctinious\0\Robin-zone.csproj", "{B02A54AC-94BD-48AA-BEBD-8A1D59F2BF05}"
EndProject
Global
	GlobalSection(SolutionConfigurationPlatforms) = preSolution
		Debug|Any CPU = Debug|Any CPU
		Release|Any CPU = Release|Any CPU
	EndGlobalSection
	GlobalSection(ProjectConfigurationPlatforms) = postSolution
		{A3DF949B-C75C-4F8F-8D78-05F2AE574FE7}.Debug|Any CPU.ActiveCfg = Debug|Any CPU
		{A3DF949B-C75C-4F8F-8D78-05F2AE574FE7}.Debug|Any CPU.Build.0 = Debug|Any CPU
		{A3DF949B-C75C-4F8F-8D78-05F2AE574FE7}.Release|Any CPU.ActiveCfg = Release|Any CPU
		{A3DF949B-C75C-4F8F-8D78-05F2AE574FE7}.Release|Any CPU.Build.0 = Release|Any CPU
		{B02A54AC-94BD-48AA-BEBD-8A1D59F2BF05}.Debug|Any CPU.ActiveCfg = Debug|Any CPU
		{B02A54AC-94BD-48AA-BEBD-8A1D59F2BF05}.Debug|Any CPU.Build.0 = Debug|Any CPU
		{B02A54AC-94BD-48AA-BEBD-8A1D59F2BF05}.Release|Any CPU.ActiveCfg = Release|Any CPU
		{B02A54AC-94BD-48AA-BEBD-8A1D59F2BF05}.Release|Any CPU.Build.0 = Release|Any CPU
	EndGlobalSection
	GlobalSection(SolutionProperties) = preSolution
		HideSolutionNode = FALSE
	EndGlobalSection
	GlobalSection(NestedProjects) = preSolution
		{B02A54AC-94BD-48AA-BEBD-8A1D59F2BF05} = {D7692444-E1AE-4FA0-8513-F5165B9F5AAE}
	EndGlobalSection
	GlobalSection(ExtensibilityGlobals) = postSolution
		SolutionGuid = {943158A7-8EE9-43DC-B0A6-C7C79570E4E5}
	EndGlobalSection
EndGlobal
